Microsoft Visual Studio Solution File, Format Version 12.00
# Visual Studio Version 17
VisualStudioVersion = 17.5.2.0
MinimumVisualStudioVersion = 10.0.40219.1
Project("{FAE04EC0-301F-11D3-BF4B-00C04F79EFBC}") = "FullStackCapstone", "FullStackCapstone.csproj", "{F46ED834-5378-F3D3-D91A-F28434F35CAE}"
EndProject
Global
	GlobalSection(SolutionConfigurationPlatforms) = preSolution
		Debug|Any CPU = Debug|Any CPU
		Release|Any CPU = Release|Any CPU
	EndGlobalSection
	GlobalSection(ProjectConfigurationPlatforms) = postSolution
		{F46ED834-5378-F3D3-D91A-F28434F35CAE}.Debug|Any CPU.ActiveCfg = Debug|Any CPU
		{F46ED834-5378-F3D3-D91A-F28434F35CAE}.Debug|Any CPU.Build.0 = Debug|Any CPU
		{F46ED834-5378-F3D3-D91A-F28434F35CAE}.Release|Any CPU.ActiveCfg = Release|Any CPU
		{F46ED834-5378-F3D3-D91A-F28434F35CAE}.Release|Any CPU.Build.0 = Release|Any CPU
	EndGlobalSection
	GlobalSection(SolutionProperties) = preSolution
		HideSolutionNode = FALSE
	EndGlobalSection
	GlobalSection(ExtensibilityGlobals) = postSolution
		SolutionGuid = {807AB914-BB43-459E-B717-6B0E0CC36238}
	EndGlobalSection
EndGlobal
